// !$*UTF8*$!
{
	archiveVersion = 1;
	classes = {
	};
	objectVersion = 50;
	objects = {

/* Begin PBXBuildFile section */
		61AFE7BC23AD36B3003AB194 /* AppDelegate.swift in Sources */ = {isa = PBXBuildFile; fileRef = 61AFE7BB23AD36B3003AB194 /* AppDelegate.swift */; };
		61AFE7C223AD36B3003AB194 /* GameScene.swift in Sources */ = {isa = PBXBuildFile; fileRef = 61AFE7C123AD36B3003AB194 /* GameScene.swift */; };
		61AFE7C423AD36B3003AB194 /* GameViewController.swift in Sources */ = {isa = PBXBuildFile; fileRef = 61AFE7C323AD36B3003AB194 /* GameViewController.swift */; };
		61AFE7C723AD36B3003AB194 /* Main.storyboard in Resources */ = {isa = PBXBuildFile; fileRef = 61AFE7C523AD36B3003AB194 /* Main.storyboard */; };
		61AFE7C923AD36B5003AB194 /* Assets.xcassets in Resources */ = {isa = PBXBuildFile; fileRef = 61AFE7C823AD36B5003AB194 /* Assets.xcassets */; };
		61AFE7CC23AD36B5003AB194 /* LaunchScreen.storyboard in Resources */ = {isa = PBXBuildFile; fileRef = 61AFE7CA23AD36B5003AB194 /* LaunchScreen.storyboard */; };
		61AFE7E223AD398B003AB194 /* Layer.swift in Sources */ = {isa = PBXBuildFile; fileRef = 61AFE7E123AD398B003AB194 /* Layer.swift */; };
		61AFE7E423AD3A3A003AB194 /* ImageName.swift in Sources */ = {isa = PBXBuildFile; fileRef = 61AFE7E323AD3A3A003AB194 /* ImageName.swift */; };
		61AFE7E623AE3D54003AB194 /* PlayerNode.swift in Sources */ = {isa = PBXBuildFile; fileRef = 61AFE7E523AE3D54003AB194 /* PlayerNode.swift */; };
		61AFE7EC23AF8D32003AB194 /* GameBoardTwentyNine.plist in Resources */ = {isa = PBXBuildFile; fileRef = 61AFE7EB23AF8D32003AB194 /* GameBoardTwentyNine.plist */; };
		61AFE7F023AF8F1C003AB194 /* GameBoard.swift in Sources */ = {isa = PBXBuildFile; fileRef = 61AFE7EF23AF8F1C003AB194 /* GameBoard.swift */; };
		61AFE80923B0C4C6003AB194 /* CGPointExtensions.swift in Sources */ = {isa = PBXBuildFile; fileRef = 61AFE80823B0C4C6003AB194 /* CGPointExtensions.swift */; };
		61AFE80D23B0DF2D003AB194 /* PegHoleNode.swift in Sources */ = {isa = PBXBuildFile; fileRef = 61AFE80C23B0DF2D003AB194 /* PegHoleNode.swift */; };
		61AFE80F23B0E28C003AB194 /* PegNode.swift in Sources */ = {isa = PBXBuildFile; fileRef = 61AFE80E23B0E28C003AB194 /* PegNode.swift */; };
		61AFE81123B11D82003AB194 /* Configuration.swift in Sources */ = {isa = PBXBuildFile; fileRef = 61AFE81023B11D82003AB194 /* Configuration.swift */; };
/* End PBXBuildFile section */

/* Begin PBXFileReference section */
		61AFE7B823AD36B3003AB194 /* twentynine.app */ = {isa = PBXFileReference; explicitFileType = wrapper.application; includeInIndex = 0; path = twentynine.app; sourceTree = BUILT_PRODUCTS_DIR; };
		61AFE7BB23AD36B3003AB194 /* AppDelegate.swift */ = {isa = PBXFileReference; lastKnownFileType = sourcecode.swift; path = AppDelegate.swift; sourceTree = "<group>"; };
		61AFE7C123AD36B3003AB194 /* GameScene.swift */ = {isa = PBXFileReference; lastKnownFileType = sourcecode.swift; path = GameScene.swift; sourceTree = "<group>"; };
		61AFE7C323AD36B3003AB194 /* GameViewController.swift */ = {isa = PBXFileReference; lastKnownFileType = sourcecode.swift; path = GameViewController.swift; sourceTree = "<group>"; };
		61AFE7C623AD36B3003AB194 /* Base */ = {isa = PBXFileReference; lastKnownFileType = file.storyboard; name = Base; path = Base.lproj/Main.storyboard; sourceTree = "<group>"; };
		61AFE7C823AD36B5003AB194 /* Assets.xcassets */ = {isa = PBXFileReference; lastKnownFileType = folder.assetcatalog; path = Assets.xcassets; sourceTree = "<group>"; };
		61AFE7CB23AD36B5003AB194 /* Base */ = {isa = PBXFileReference; lastKnownFileType = file.storyboard; name = Base; path = Base.lproj/LaunchScreen.storyboard; sourceTree = "<group>"; };
		61AFE7CD23AD36B5003AB194 /* Info.plist */ = {isa = PBXFileReference; lastKnownFileType = text.plist.xml; path = Info.plist; sourceTree = "<group>"; };
		61AFE7E123AD398B003AB194 /* Layer.swift */ = {isa = PBXFileReference; lastKnownFileType = sourcecode.swift; path = Layer.swift; sourceTree = "<group>"; };
		61AFE7E323AD3A3A003AB194 /* ImageName.swift */ = {isa = PBXFileReference; lastKnownFileType = sourcecode.swift; path = ImageName.swift; sourceTree = "<group>"; };
		61AFE7E523AE3D54003AB194 /* PlayerNode.swift */ = {isa = PBXFileReference; lastKnownFileType = sourcecode.swift; path = PlayerNode.swift; sourceTree = "<group>"; };
		61AFE7EB23AF8D32003AB194 /* GameBoardTwentyNine.plist */ = {isa = PBXFileReference; lastKnownFileType = file.bplist; path = GameBoardTwentyNine.plist; sourceTree = "<group>"; };
		61AFE7EF23AF8F1C003AB194 /* GameBoard.swift */ = {isa = PBXFileReference; lastKnownFileType = sourcecode.swift; path = GameBoard.swift; sourceTree = "<group>"; };
		61AFE80823B0C4C6003AB194 /* CGPointExtensions.swift */ = {isa = PBXFileReference; lastKnownFileType = sourcecode.swift; path = CGPointExtensions.swift; sourceTree = "<group>"; };
		61AFE80C23B0DF2D003AB194 /* PegHoleNode.swift */ = {isa = PBXFileReference; lastKnownFileType = sourcecode.swift; path = PegHoleNode.swift; sourceTree = "<group>"; };
		61AFE80E23B0E28C003AB194 /* PegNode.swift */ = {isa = PBXFileReference; lastKnownFileType = sourcecode.swift; path = PegNode.swift; sourceTree = "<group>"; };
		61AFE81023B11D82003AB194 /* Configuration.swift */ = {isa = PBXFileReference; lastKnownFileType = sourcecode.swift; path = Configuration.swift; sourceTree = "<group>"; };
/* End PBXFileReference section */

/* Begin PBXFrameworksBuildPhase section */
		61AFE7B523AD36B3003AB194 /* Frameworks */ = {
			isa = PBXFrameworksBuildPhase;
			buildActionMask = 2147483647;
			files = (
			);
			runOnlyForDeploymentPostprocessing = 0;
		};
/* End PBXFrameworksBuildPhase section */

/* Begin PBXGroup section */
		61AFE7AF23AD36B3003AB194 = {
			isa = PBXGroup;
			children = (
				61AFE7BA23AD36B3003AB194 /* twentynine */,
				61AFE7B923AD36B3003AB194 /* Products */,
			);
			sourceTree = "<group>";
		};
		61AFE7B923AD36B3003AB194 /* Products */ = {
			isa = PBXGroup;
			children = (
				61AFE7B823AD36B3003AB194 /* twentynine.app */,
			);
			name = Products;
			sourceTree = "<group>";
		};
		61AFE7BA23AD36B3003AB194 /* twentynine */ = {
			isa = PBXGroup;
			children = (
				61AFE7BB23AD36B3003AB194 /* AppDelegate.swift */,
				61AFE7C323AD36B3003AB194 /* GameViewController.swift */,
				61AFE7C523AD36B3003AB194 /* Main.storyboard */,
				61AFE7C823AD36B5003AB194 /* Assets.xcassets */,
				61AFE7CA23AD36B5003AB194 /* LaunchScreen.storyboard */,
				61AFE7CD23AD36B5003AB194 /* Info.plist */,
				61AFE7E123AD398B003AB194 /* Layer.swift */,
				61AFE7E323AD3A3A003AB194 /* ImageName.swift */,
				61AFE81023B11D82003AB194 /* Configuration.swift */,
				61AFE7C123AD36B3003AB194 /* GameScene.swift */,
				61AFE7E523AE3D54003AB194 /* PlayerNode.swift */,
				61AFE80E23B0E28C003AB194 /* PegNode.swift */,
				61AFE80C23B0DF2D003AB194 /* PegHoleNode.swift */,
				61AFE7EB23AF8D32003AB194 /* GameBoardTwentyNine.plist */,
				61AFE7EF23AF8F1C003AB194 /* GameBoard.swift */,
				61AFE80823B0C4C6003AB194 /* CGPointExtensions.swift */,
			);
			path = twentynine;
			sourceTree = "<group>";
		};
/* End PBXGroup section */

/* Begin PBXNativeTarget section */
		61AFE7B723AD36B3003AB194 /* twentynine */ = {
			isa = PBXNativeTarget;
			buildConfigurationList = 61AFE7DB23AD36B5003AB194 /* Build configuration list for PBXNativeTarget "twentynine" */;
			buildPhases = (
				61AFE7B423AD36B3003AB194 /* Sources */,
				61AFE7B523AD36B3003AB194 /* Frameworks */,
				61AFE7B623AD36B3003AB194 /* Resources */,
			);
			buildRules = (
			);
			dependencies = (
			);
			name = twentynine;
			productName = twentynine;
			productReference = 61AFE7B823AD36B3003AB194 /* twentynine.app */;
			productType = "com.apple.product-type.application";
		};
/* End PBXNativeTarget section */

/* Begin PBXProject section */
		61AFE7B023AD36B3003AB194 /* Project object */ = {
			isa = PBXProject;
			attributes = {
				LastSwiftUpdateCheck = 1120;
				LastUpgradeCheck = 1120;
				ORGANIZATIONNAME = "majormojo.co.uk Limited";
				TargetAttributes = {
					61AFE7B723AD36B3003AB194 = {
						CreatedOnToolsVersion = 11.2.1;
					};
				};
			};
			buildConfigurationList = 61AFE7B323AD36B3003AB194 /* Build configuration list for PBXProject "twentynine" */;
			compatibilityVersion = "Xcode 9.3";
			developmentRegion = en;
			hasScannedForEncodings = 0;
			knownRegions = (
				en,
				Base,
			);
			mainGroup = 61AFE7AF23AD36B3003AB194;
			productRefGroup = 61AFE7B923AD36B3003AB194 /* Products */;
			projectDirPath = "";
			projectRoot = "";
			targets = (
				61AFE7B723AD36B3003AB194 /* twentynine */,
			);
		};
/* End PBXProject section */

/* Begin PBXResourcesBuildPhase section */
		61AFE7B623AD36B3003AB194 /* Resources */ = {
			isa = PBXResourcesBuildPhase;
			buildActionMask = 2147483647;
			files = (
				61AFE7EC23AF8D32003AB194 /* GameBoardTwentyNine.plist in Resources */,
				61AFE7C723AD36B3003AB194 /* Main.storyboard in Resources */,
				61AFE7C923AD36B5003AB194 /* Assets.xcassets in Resources */,
				61AFE7CC23AD36B5003AB194 /* LaunchScreen.storyboard in Resources */,
			);
			runOnlyForDeploymentPostprocessing = 0;
		};
/* End PBXResourcesBuildPhase section */

/* Begin PBXSourcesBuildPhase section */
		61AFE7B423AD36B3003AB194 /* Sources */ = {
			isa = PBXSourcesBuildPhase;
			buildActionMask = 2147483647;
			files = (
				61AFE7C223AD36B3003AB194 /* GameScene.swift in Sources */,
				61AFE7E423AD3A3A003AB194 /* ImageName.swift in Sources */,
				61AFE7E223AD398B003AB194 /* Layer.swift in Sources */,
				61AFE7F023AF8F1C003AB194 /* GameBoard.swift in Sources */,
				61AFE80D23B0DF2D003AB194 /* PegHoleNode.swift in Sources */,
				61AFE7E623AE3D54003AB194 /* PlayerNode.swift in Sources */,
				61AFE7C423AD36B3003AB194 /* GameViewController.swift in Sources */,
				61AFE80923B0C4C6003AB194 /* CGPointExtensions.swift in Sources */,
				61AFE7BC23AD36B3003AB194 /* AppDelegate.swift in Sources */,
				61AFE80F23B0E28C003AB194 /* PegNode.swift in Sources */,
				61AFE81123B11D82003AB194 /* Configuration.swift in Sources */,
			);
			runOnlyForDeploymentPostprocessing = 0;
		};
/* End PBXSourcesBuildPhase section */

/* Begin PBXVariantGroup section */
		61AFE7C523AD36B3003AB194 /* Main.storyboard */ = {
			isa = PBXVariantGroup;
			children = (
				61AFE7C623AD36B3003AB194 /* Base */,
			);
			name = Main.storyboard;
			sourceTree = "<group>";
		};
		61AFE7CA23AD36B5003AB194 /* LaunchScreen.storyboard */ = {
			isa = PBXVariantGroup;
			children = (
				61AFE7CB23AD36B5003AB194 /* Base */,
			);
			name = LaunchScreen.storyboard;
			sourceTree = "<group>";
		};
/* End PBXVariantGroup section */

/* Begin XCBuildConfiguration section */
		61AFE7D923AD36B5003AB194 /* Debug */ = {
			isa = XCBuildConfiguration;
			buildSettings = {
				ALWAYS_SEARCH_USER_PATHS = NO;
				CLANG_ANALYZER_NONNULL = YES;
				CLANG_ANALYZER_NUMBER_OBJECT_CONVERSION = YES_AGGRESSIVE;
				CLANG_CXX_LANGUAGE_STANDARD = "gnu++14";
				CLANG_CXX_LIBRARY = "libc++";
				CLANG_ENABLE_MODULES = YES;
				CLANG_ENABLE_OBJC_ARC = YES;
				CLANG_ENABLE_OBJC_WEAK = YES;
				CLANG_WARN_BLOCK_CAPTURE_AUTORELEASING = YES;
				CLANG_WARN_BOOL_CONVERSION = YES;
				CLANG_WARN_COMMA = YES;
				CLANG_WARN_CONSTANT_CONVERSION = YES;
				CLANG_WARN_DEPRECATED_OBJC_IMPLEMENTATIONS = YES;
				CLANG_WARN_DIRECT_OBJC_ISA_USAGE = YES_ERROR;
				CLANG_WARN_DOCUMENTATION_COMMENTS = YES;
				CLANG_WARN_EMPTY_BODY = YES;
				CLANG_WARN_ENUM_CONVERSION = YES;
				CLANG_WARN_INFINITE_RECURSION = YES;
				CLANG_WARN_INT_CONVERSION = YES;
				CLANG_WARN_NON_LITERAL_NULL_CONVERSION = YES;
				CLANG_WARN_OBJC_IMPLICIT_RETAIN_SELF = YES;
				CLANG_WARN_OBJC_LITERAL_CONVERSION = YES;
				CLANG_WARN_OBJC_ROOT_CLASS = YES_ERROR;
				CLANG_WARN_RANGE_LOOP_ANALYSIS = YES;
				CLANG_WARN_STRICT_PROTOTYPES = YES;
				CLANG_WARN_SUSPICIOUS_MOVE = YES;
				CLANG_WARN_UNGUARDED_AVAILABILITY = YES_AGGRESSIVE;
				CLANG_WARN_UNREACHABLE_CODE = YES;
				CLANG_WARN__DUPLICATE_METHOD_MATCH = YES;
				COPY_PHASE_STRIP = NO;
				DEBUG_INFORMATION_FORMAT = dwarf;
				ENABLE_STRICT_OBJC_MSGSEND = YES;
				ENABLE_TESTABILITY = YES;
				GCC_C_LANGUAGE_STANDARD = gnu11;
				GCC_DYNAMIC_NO_PIC = NO;
				GCC_NO_COMMON_BLOCKS = YES;
				GCC_OPTIMIZATION_LEVEL = 0;
				GCC_PREPROCESSOR_DEFINITIONS = (
					"DEBUG=1",
					"$(inherited)",
				);
				GCC_WARN_64_TO_32_BIT_CONVERSION = YES;
				GCC_WARN_ABOUT_RETURN_TYPE = YES_ERROR;
				GCC_WARN_UNDECLARED_SELECTOR = YES;
				GCC_WARN_UNINITIALIZED_AUTOS = YES_AGGRESSIVE;
				GCC_WARN_UNUSED_FUNCTION = YES;
				GCC_WARN_UNUSED_VARIABLE = YES;
				IPHONEOS_DEPLOYMENT_TARGET = 11.0;
				MTL_ENABLE_DEBUG_INFO = INCLUDE_SOURCE;
				MTL_FAST_MATH = YES;
				ONLY_ACTIVE_ARCH = YES;
				SDKROOT = iphoneos;
				SWIFT_ACTIVE_COMPILATION_CONDITIONS = DEBUG;
				SWIFT_OPTIMIZATION_LEVEL = "-Onone";
			};
			name = Debug;
		};
		61AFE7DA23AD36B5003AB194 /* Release */ = {
			isa = XCBuildConfiguration;
			buildSettings = {
				ALWAYS_SEARCH_USER_PATHS = NO;
				CLANG_ANALYZER_NONNULL = YES;
				CLANG_ANALYZER_NUMBER_OBJECT_CONVERSION = YES_AGGRESSIVE;
				CLANG_CXX_LANGUAGE_STANDARD = "gnu++14";
				CLANG_CXX_LIBRARY = "libc++";
				CLANG_ENABLE_MODULES = YES;
				CLANG_ENABLE_OBJC_ARC = YES;
				CLANG_ENABLE_OBJC_WEAK = YES;
				CLANG_WARN_BLOCK_CAPTURE_AUTORELEASING = YES;
				CLANG_WARN_BOOL_CONVERSION = YES;
				CLANG_WARN_COMMA = YES;
				CLANG_WARN_CONSTANT_CONVERSION = YES;
				CLANG_WARN_DEPRECATED_OBJC_IMPLEMENTATIONS = YES;
				CLANG_WARN_DIRECT_OBJC_ISA_USAGE = YES_ERROR;
				CLANG_WARN_DOCUMENTATION_COMMENTS = YES;
				CLANG_WARN_EMPTY_BODY = YES;
				CLANG_WARN_ENUM_CONVERSION = YES;
				CLANG_WARN_INFINITE_RECURSION = YES;
				CLANG_WARN_INT_CONVERSION = YES;
				CLANG_WARN_NON_LITERAL_NULL_CONVERSION = YES;
				CLANG_WARN_OBJC_IMPLICIT_RETAIN_SELF = YES;
				CLANG_WARN_OBJC_LITERAL_CONVERSION = YES;
				CLANG_WARN_OBJC_ROOT_CLASS = YES_ERROR;
				CLANG_WARN_RANGE_LOOP_ANALYSIS = YES;
				CLANG_WARN_STRICT_PROTOTYPES = YES;
				CLANG_WARN_SUSPICIOUS_MOVE = YES;
				CLANG_WARN_UNGUARDED_AVAILABILITY = YES_AGGRESSIVE;
				CLANG_WARN_UNREACHABLE_CODE = YES;
				CLANG_WARN__DUPLICATE_METHOD_MATCH = YES;
				COPY_PHASE_STRIP = NO;
				DEBUG_INFORMATION_FORMAT = "dwarf-with-dsym";
				ENABLE_NS_ASSERTIONS = NO;
				ENABLE_STRICT_OBJC_MSGSEND = YES;
				GCC_C_LANGUAGE_STANDARD = gnu11;
				GCC_NO_COMMON_BLOCKS = YES;
				GCC_WARN_64_TO_32_BIT_CONVERSION = YES;
				GCC_WARN_ABOUT_RETURN_TYPE = YES_ERROR;
				GCC_WARN_UNDECLARED_SELECTOR = YES;
				GCC_WARN_UNINITIALIZED_AUTOS = YES_AGGRESSIVE;
				GCC_WARN_UNUSED_FUNCTION = YES;
				GCC_WARN_UNUSED_VARIABLE = YES;
				IPHONEOS_DEPLOYMENT_TARGET = 11.0;
				MTL_ENABLE_DEBUG_INFO = NO;
				MTL_FAST_MATH = YES;
				SDKROOT = iphoneos;
				SWIFT_COMPILATION_MODE = wholemodule;
				SWIFT_OPTIMIZATION_LEVEL = "-O";
				VALIDATE_PRODUCT = YES;
			};
			name = Release;
		};
		61AFE7DC23AD36B5003AB194 /* Debug */ = {
			isa = XCBuildConfiguration;
			buildSettings = {
				ASSETCATALOG_COMPILER_APPICON_NAME = AppIcon;
				CODE_SIGN_STYLE = Automatic;
				DEVELOPMENT_TEAM = R946HT6299;
				INFOPLIST_FILE = twentynine/Info.plist;
				IPHONEOS_DEPLOYMENT_TARGET = 11.0;
				LD_RUNPATH_SEARCH_PATHS = (
					"$(inherited)",
					"@executable_path/Frameworks",
				);
				PRODUCT_BUNDLE_IDENTIFIER = uk.co.majormojo.twentynine;
				PRODUCT_NAME = "$(TARGET_NAME)";
				SWIFT_VERSION = 5.0;
				TARGETED_DEVICE_FAMILY = 2;
			};
			name = Debug;
		};
		61AFE7DD23AD36B5003AB194 /* Release */ = {
			isa = XCBuildConfiguration;
			buildSettings = {
				ASSETCATALOG_COMPILER_APPICON_NAME = AppIcon;
				CODE_SIGN_STYLE = Automatic;
				DEVELOPMENT_TEAM = R946HT6299;
				INFOPLIST_FILE = twentynine/Info.plist;
				IPHONEOS_DEPLOYMENT_TARGET = 11.0;
				LD_RUNPATH_SEARCH_PATHS = (
					"$(inherited)",
					"@executable_path/Frameworks",
				);
				PRODUCT_BUNDLE_IDENTIFIER = uk.co.majormojo.twentynine;
				PRODUCT_NAME = "$(TARGET_NAME)";
				SWIFT_VERSION = 5.0;
				TARGETED_DEVICE_FAMILY = 2;
			};
			name = Release;
		};
/* End XCBuildConfiguration section */

/* Begin XCConfigurationList section */
		61AFE7B323AD36B3003AB194 /* Build configuration list for PBXProject "twentynine" */ = {
			isa = XCConfigurationList;
			buildConfigurations = (
				61AFE7D923AD36B5003AB194 /* Debug */,
				61AFE7DA23AD36B5003AB194 /* Release */,
			);
			defaultConfigurationIsVisible = 0;
			defaultConfigurationName = Release;
		};
		61AFE7DB23AD36B5003AB194 /* Build configuration list for PBXNativeTarget "twentynine" */ = {
			isa = XCConfigurationList;
			buildConfigurations = (
				61AFE7DC23AD36B5003AB194 /* Debug */,
				61AFE7DD23AD36B5003AB194 /* Release */,
			);
			defaultConfigurationIsVisible = 0;
			defaultConfigurationName = Release;
		};
/* End XCConfigurationList section */
	};
	rootObject = 61AFE7B023AD36B3003AB194 /* Project object */;
}
